
Microsoft Visual Studio Solution File, Format Version 12.00
# Visual Studio Version 17
VisualStudioVersion = 17.9.34714.143
MinimumVisualStudioVersion = 10.0.40219.1
Project("{FAE04EC0-301F-11D3-BF4B-00C04F79EFBC}") = "Admin Login", "Admin Login\Admin Login.csproj", "{747CD149-5C1A-4C93-8557-02AA71A28B64}"
EndProject
Global
	GlobalSection(SolutionConfigurationPlatforms) = preSolution
		Debug|Any CPU = Debug|Any CPU
		Release|Any CPU = Release|Any CPU
	EndGlobalSection
	GlobalSection(ProjectConfigurationPlatforms) = postSolution
		{747CD149-5C1A-4C93-8557-02AA71A28B64}.Debug|Any CPU.ActiveCfg = Debug|Any CPU
		{747CD149-5C1A-4C93-8557-02AA71A28B64}.Debug|Any CPU.Build.0 = Debug|Any CPU
		{747CD149-5C1A-4C93-8557-02AA71A28B64}.Release|Any CPU.ActiveCfg = Release|Any CPU
		{747CD149-5C1A-4C93-8557-02AA71A28B64}.Release|Any CPU.Build.0 = Release|Any CPU
	EndGlobalSection
	GlobalSection(SolutionProperties) = preSolution
		HideSolutionNode = FALSE
	EndGlobalSection
	GlobalSection(ExtensibilityGlobals) = postSolution
		SolutionGuid = {99B17DBC-C830-4108-98EF-448296A6C7D4}
	EndGlobalSection
EndGlobal
